# @generated by Move, please check-in and do not edit manually.

[move]
version = 2
manifest_digest = "E43DB4E5B1C0503DBCC8AA34641F428084C1C14C94E4954892ECC6F8F3456027"
deps_digest = "F8BBB0CCB2491CA29A3DF03D6F92277A4F3574266507ACD77214D37ECA3F3082"
dependencies = [
  { name = "Sui" },
]

[[move.package]]
name = "MoveStdlib"
source = { git = "https://github.com/MystenLabs/sui.git", rev = "framework/testnet", subdir = "crates\\sui-framework\\packages\\move-stdlib" }

[[move.package]]
name = "Sui"
source = { git = "https://github.com/MystenLabs/sui.git", rev = "framework/testnet", subdir = "crates/sui-framework/packages/sui-framework" }

dependencies = [
  { name = "MoveStdlib" },
]

[move.toolchain-version]
compiler-version = "1.22.0"
edition = "legacy"
flavor = "sui"

[env]

[env.devnet]
chain-id = "f4950f51"
original-published-id = "0x4a30d3de5b9aeb9655dc023bca243366ae3ad930241324a4eeb2ef17e3a1bf09"
latest-published-id = "0x4a30d3de5b9aeb9655dc023bca243366ae3ad930241324a4eeb2ef17e3a1bf09"
published-version = "1"
