# @generated by Move, please check-in and do not edit manually.

[move]
version = 2
manifest_digest = "A220F39E0ED5BFB2F05D597D2D25EE09F54CBE6F7972249D746A5AF1F1AC62F9"
deps_digest = "F8BBB0CCB2491CA29A3DF03D6F92277A4F3574266507ACD77214D37ECA3F3082"
dependencies = [
  { name = "Sui" },
]

[[move.package]]
name = "MoveStdlib"
source = { git = "https://github.com/MystenLabs/sui.git", rev = "framework/devnet", subdir = "crates/sui-framework/packages/move-stdlib" }

[[move.package]]
name = "Sui"
source = { git = "https://github.com/MystenLabs/sui.git", rev = "framework/devnet", subdir = "crates/sui-framework/packages/sui-framework" }

dependencies = [
  { name = "MoveStdlib" },
]

[move.toolchain-version]
compiler-version = "1.27.0"
edition = "2024.beta"
flavor = "sui"

[env]

[env.devnet]
chain-id = "2b337d4f"
original-published-id = "0x1cff2b1afd3619e096af6aff195c5faefcee9c0d184c0780394004c99ce0a467"
latest-published-id = "0x1cff2b1afd3619e096af6aff195c5faefcee9c0d184c0780394004c99ce0a467"
published-version = "1"
